
Microsoft Visual Studio Solution File, Format Version 12.00
# Visual Studio 15
Project("{FAE04EC0-301F-11D3-BF4B-00C04F79EFBC}") = "DataForm.iOS", "DataForm.iOS\DataForm.iOS.csproj", "{4A8EE01B-AE18-4907-805B-24EA0D4EE570}"
EndProject
Project("{FAE04EC0-301F-11D3-BF4B-00C04F79EFBC}") = "DataForm.Android", "DataForm.Android\DataForm.Android.csproj", "{72E38A3B-D147-4531-8D73-4C80C15ECFF2}"
EndProject
Project("{FAE04EC0-301F-11D3-BF4B-00C04F79EFBC}") = "DataForm", "DataForm\DataForm.csproj", "{2A062C84-0FAA-42AD-877B-77CC2E5C7CD8}"
EndProject
Global
	GlobalSection(SolutionConfigurationPlatforms) = preSolution
		Debug|Any CPU = Debug|Any CPU
		Release|Any CPU = Release|Any CPU
		Debug|iPhoneSimulator = Debug|iPhoneSimulator
		Release|iPhoneSimulator = Release|iPhoneSimulator
		Debug|iPhone = Debug|iPhone
		Release|iPhone = Release|iPhone
	EndGlobalSection
	GlobalSection(ProjectConfigurationPlatforms) = postSolution
		{4A8EE01B-AE18-4907-805B-24EA0D4EE570}.Debug|Any CPU.ActiveCfg = Debug|iPhoneSimulator
		{4A8EE01B-AE18-4907-805B-24EA0D4EE570}.Debug|Any CPU.Build.0 = Debug|iPhoneSimulator
		{4A8EE01B-AE18-4907-805B-24EA0D4EE570}.Release|Any CPU.ActiveCfg = Release|iPhoneSimulator
		{4A8EE01B-AE18-4907-805B-24EA0D4EE570}.Release|Any CPU.Build.0 = Release|iPhoneSimulator
		{4A8EE01B-AE18-4907-805B-24EA0D4EE570}.Debug|iPhoneSimulator.ActiveCfg = Debug|iPhoneSimulator
		{4A8EE01B-AE18-4907-805B-24EA0D4EE570}.Debug|iPhoneSimulator.Build.0 = Debug|iPhoneSimulator
		{4A8EE01B-AE18-4907-805B-24EA0D4EE570}.Release|iPhoneSimulator.ActiveCfg = Release|iPhoneSimulator
		{4A8EE01B-AE18-4907-805B-24EA0D4EE570}.Release|iPhoneSimulator.Build.0 = Release|iPhoneSimulator
		{4A8EE01B-AE18-4907-805B-24EA0D4EE570}.Debug|iPhone.ActiveCfg = Debug|iPhone
		{4A8EE01B-AE18-4907-805B-24EA0D4EE570}.Debug|iPhone.Build.0 = Debug|iPhone
		{4A8EE01B-AE18-4907-805B-24EA0D4EE570}.Release|iPhone.ActiveCfg = Release|iPhone
		{4A8EE01B-AE18-4907-805B-24EA0D4EE570}.Release|iPhone.Build.0 = Release|iPhone
		{72E38A3B-D147-4531-8D73-4C80C15ECFF2}.Debug|Any CPU.ActiveCfg = Debug|Any CPU
		{72E38A3B-D147-4531-8D73-4C80C15ECFF2}.Debug|Any CPU.Build.0 = Debug|Any CPU
		{72E38A3B-D147-4531-8D73-4C80C15ECFF2}.Release|Any CPU.ActiveCfg = Release|Any CPU
		{72E38A3B-D147-4531-8D73-4C80C15ECFF2}.Release|Any CPU.Build.0 = Release|Any CPU
		{72E38A3B-D147-4531-8D73-4C80C15ECFF2}.Debug|iPhoneSimulator.ActiveCfg = Debug|Any CPU
		{72E38A3B-D147-4531-8D73-4C80C15ECFF2}.Debug|iPhoneSimulator.Build.0 = Debug|Any CPU
		{72E38A3B-D147-4531-8D73-4C80C15ECFF2}.Release|iPhoneSimulator.ActiveCfg = Release|Any CPU
		{72E38A3B-D147-4531-8D73-4C80C15ECFF2}.Release|iPhoneSimulator.Build.0 = Release|Any CPU
		{72E38A3B-D147-4531-8D73-4C80C15ECFF2}.Debug|iPhone.ActiveCfg = Debug|Any CPU
		{72E38A3B-D147-4531-8D73-4C80C15ECFF2}.Debug|iPhone.Build.0 = Debug|Any CPU
		{72E38A3B-D147-4531-8D73-4C80C15ECFF2}.Release|iPhone.ActiveCfg = Release|Any CPU
		{72E38A3B-D147-4531-8D73-4C80C15ECFF2}.Release|iPhone.Build.0 = Release|Any CPU
		{2A062C84-0FAA-42AD-877B-77CC2E5C7CD8}.Debug|Any CPU.ActiveCfg = Debug|Any CPU
		{2A062C84-0FAA-42AD-877B-77CC2E5C7CD8}.Debug|Any CPU.Build.0 = Debug|Any CPU
		{2A062C84-0FAA-42AD-877B-77CC2E5C7CD8}.Release|Any CPU.ActiveCfg = Release|Any CPU
		{2A062C84-0FAA-42AD-877B-77CC2E5C7CD8}.Release|Any CPU.Build.0 = Release|Any CPU
		{2A062C84-0FAA-42AD-877B-77CC2E5C7CD8}.Debug|iPhoneSimulator.ActiveCfg = Debug|Any CPU
		{2A062C84-0FAA-42AD-877B-77CC2E5C7CD8}.Debug|iPhoneSimulator.Build.0 = Debug|Any CPU
		{2A062C84-0FAA-42AD-877B-77CC2E5C7CD8}.Release|iPhoneSimulator.ActiveCfg = Release|Any CPU
		{2A062C84-0FAA-42AD-877B-77CC2E5C7CD8}.Release|iPhoneSimulator.Build.0 = Release|Any CPU
		{2A062C84-0FAA-42AD-877B-77CC2E5C7CD8}.Debug|iPhone.ActiveCfg = Debug|Any CPU
		{2A062C84-0FAA-42AD-877B-77CC2E5C7CD8}.Debug|iPhone.Build.0 = Debug|Any CPU
		{2A062C84-0FAA-42AD-877B-77CC2E5C7CD8}.Release|iPhone.ActiveCfg = Release|Any CPU
		{2A062C84-0FAA-42AD-877B-77CC2E5C7CD8}.Release|iPhone.Build.0 = Release|Any CPU
	EndGlobalSection
EndGlobal
